
Microsoft Visual Studio Solution File, Format Version 12.00
# Visual Studio Version 17
VisualStudioVersion = 17.10.35201.131
MinimumVisualStudioVersion = 10.0.40219.1
Project("{9A19103F-16F7-4668-BE54-9A1E7A4F7556}") = "HotelReservation", "HotelReservation\HotelReservation.csproj", "{11C8E6B0-BAD8-439B-9075-8E9D03745B47}"
EndProject
Project("{FAE04EC0-301F-11D3-BF4B-00C04F79EFBC}") = "HotelReservation.Core", "HotelReservation.Core\HotelReservation.Core.csproj", "{A0C6A9FA-5BE8-49EB-B6B8-BCBBE2D14554}"
EndProject
Project("{FAE04EC0-301F-11D3-BF4B-00C04F79EFBC}") = "HotelReservation.Application", "HotelReservation.Application\HotelReservation.Application.csproj", "{6860BCC0-8BD0-44FB-942B-137A1245A3FB}"
EndProject
Project("{FAE04EC0-301F-11D3-BF4B-00C04F79EFBC}") = "HotelReservation.Infrastructure", "HotelReservation.Infrastructure\HotelReservation.Infrastructure.csproj", "{D6B63445-89E4-43F5-80E7-9E92AA3CEFE0}"
EndProject
Global
	GlobalSection(SolutionConfigurationPlatforms) = preSolution
		Debug|Any CPU = Debug|Any CPU
		Release|Any CPU = Release|Any CPU
	EndGlobalSection
	GlobalSection(ProjectConfigurationPlatforms) = postSolution
		{11C8E6B0-BAD8-439B-9075-8E9D03745B47}.Debug|Any CPU.ActiveCfg = Debug|Any CPU
		{11C8E6B0-BAD8-439B-9075-8E9D03745B47}.Debug|Any CPU.Build.0 = Debug|Any CPU
		{11C8E6B0-BAD8-439B-9075-8E9D03745B47}.Release|Any CPU.ActiveCfg = Release|Any CPU
		{11C8E6B0-BAD8-439B-9075-8E9D03745B47}.Release|Any CPU.Build.0 = Release|Any CPU
		{A0C6A9FA-5BE8-49EB-B6B8-BCBBE2D14554}.Debug|Any CPU.ActiveCfg = Debug|Any CPU
		{A0C6A9FA-5BE8-49EB-B6B8-BCBBE2D14554}.Debug|Any CPU.Build.0 = Debug|Any CPU
		{A0C6A9FA-5BE8-49EB-B6B8-BCBBE2D14554}.Release|Any CPU.ActiveCfg = Release|Any CPU
		{A0C6A9FA-5BE8-49EB-B6B8-BCBBE2D14554}.Release|Any CPU.Build.0 = Release|Any CPU
		{6860BCC0-8BD0-44FB-942B-137A1245A3FB}.Debug|Any CPU.ActiveCfg = Debug|Any CPU
		{6860BCC0-8BD0-44FB-942B-137A1245A3FB}.Debug|Any CPU.Build.0 = Debug|Any CPU
		{6860BCC0-8BD0-44FB-942B-137A1245A3FB}.Release|Any CPU.ActiveCfg = Release|Any CPU
		{6860BCC0-8BD0-44FB-942B-137A1245A3FB}.Release|Any CPU.Build.0 = Release|Any CPU
		{D6B63445-89E4-43F5-80E7-9E92AA3CEFE0}.Debug|Any CPU.ActiveCfg = Debug|Any CPU
		{D6B63445-89E4-43F5-80E7-9E92AA3CEFE0}.Debug|Any CPU.Build.0 = Debug|Any CPU
		{D6B63445-89E4-43F5-80E7-9E92AA3CEFE0}.Release|Any CPU.ActiveCfg = Release|Any CPU
		{D6B63445-89E4-43F5-80E7-9E92AA3CEFE0}.Release|Any CPU.Build.0 = Release|Any CPU
	EndGlobalSection
	GlobalSection(SolutionProperties) = preSolution
		HideSolutionNode = FALSE
	EndGlobalSection
	GlobalSection(ExtensibilityGlobals) = postSolution
		SolutionGuid = {64D235BA-301B-487F-9ED7-8D6120DFA33E}
	EndGlobalSection
EndGlobal
